{
  "nodes": {
    "flake-parts": {
      "inputs": {
        "nixpkgs-lib": [
          "neovim-nightly-overlay",
          "nixpkgs"
        ]
      },
      "locked": {
        "lastModified": 1765495779,
        "narHash": "sha256-MhA7wmo/7uogLxiewwRRmIax70g6q1U/YemqTGoFHlM=",
        "owner": "hercules-ci",
        "repo": "flake-parts",
        "rev": "5635c32d666a59ec9a55cab87e898889869f7b71",
        "type": "github"
      },
      "original": {
        "owner": "hercules-ci",
        "repo": "flake-parts",
        "type": "github"
      }
    },
    "home-manager": {
      "inputs": {
        "nixpkgs": "nixpkgs"
      },
      "locked": {
        "lastModified": 1765480374,
        "narHash": "sha256-HlbvQAqLx7WqZFFQZ8nu5UUJAVlXiV/kqKbyueA8srw=",
        "owner": "nix-community",
        "repo": "home-manager",
        "rev": "39cb677ed9e908e90478aa9fe5f3383dfc1a63f3",
        "type": "github"
      },
      "original": {
        "id": "home-manager",
        "type": "indirect"
      }
    },
    "neovim-nightly-overlay": {
      "inputs": {
        "flake-parts": "flake-parts",
        "neovim-src": "neovim-src",
        "nixpkgs": "nixpkgs_2"
      },
      "locked": {
        "lastModified": 1765497880,
        "narHash": "sha256-Bm3Llrq6vMh8o8kW0v8dCDuiXSpFCLOxXORIedLzOys=",
        "owner": "nix-community",
        "repo": "neovim-nightly-overlay",
        "rev": "f8bf621897eb25a97aaf3f53e517e2bd83fbcffa",
        "type": "github"
      },
      "original": {
        "owner": "nix-community",
        "repo": "neovim-nightly-overlay",
        "type": "github"
      }
    },
    "neovim-src": {
      "flake": false,
      "locked": {
        "lastModified": 1765479520,
        "narHash": "sha256-EI1iD5XmxwOkJSXc7Q1xCUIMWT84/1saYZ9ITPsDrzg=",
        "owner": "neovim",
        "repo": "neovim",
        "rev": "054eaf8493cbcf35ad386675fcaa0cc38d6b63e7",
        "type": "github"
      },
      "original": {
        "owner": "neovim",
        "repo": "neovim",
        "type": "github"
      }
    },
    "nixCats": {
      "locked": {
        "lastModified": 1764009888,
        "narHash": "sha256-hJekfTiW1792txgRSM4LcHnz1lDSY87LYbsJEn2V378=",
        "owner": "BirdeeHub",
        "repo": "nixCats-nvim",
        "rev": "16ac3281f322ea15d39843829e42a44d22da3715",
        "type": "github"
      },
      "original": {
        "owner": "BirdeeHub",
        "repo": "nixCats-nvim",
        "type": "github"
      }
    },
    "nixpkgs": {
      "locked": {
        "lastModified": 1765186076,
        "narHash": "sha256-hM20uyap1a0M9d344I692r+ik4gTMyj60cQWO+hAYP8=",
        "owner": "NixOS",
        "repo": "nixpkgs",
        "rev": "addf7cf5f383a3101ecfba091b98d0a1263dc9b8",
        "type": "github"
      },
      "original": {
        "owner": "NixOS",
        "ref": "nixos-unstable",
        "repo": "nixpkgs",
        "type": "github"
      }
    },
    "nixpkgs-stable": {
      "locked": {
        "lastModified": 1765363881,
        "narHash": "sha256-3C3xWn8/2Zzr7sxVBmpc1H1QfxjNfta5IMFe3O9ZEPw=",
        "owner": "nixos",
        "repo": "nixpkgs",
        "rev": "d2b1213bf5ec5e62d96b003ab4b5cbc42abfc0d0",
        "type": "github"
      },
      "original": {
        "owner": "nixos",
        "ref": "nixos-25.05",
        "repo": "nixpkgs",
        "type": "github"
      }
    },
    "nixpkgs_2": {
      "locked": {
        "lastModified": 1765270179,
        "narHash": "sha256-g2a4MhRKu4ymR4xwo+I+auTknXt/+j37Lnf0Mvfl1rE=",
        "owner": "NixOS",
        "repo": "nixpkgs",
        "rev": "677fbe97984e7af3175b6c121f3c39ee5c8d62c9",
        "type": "github"
      },
      "original": {
        "owner": "NixOS",
        "ref": "nixpkgs-unstable",
        "repo": "nixpkgs",
        "type": "github"
      }
    },
    "nixpkgs_3": {
      "locked": {
        "lastModified": 1765186076,
        "narHash": "sha256-hM20uyap1a0M9d344I692r+ik4gTMyj60cQWO+hAYP8=",
        "owner": "nixos",
        "repo": "nixpkgs",
        "rev": "addf7cf5f383a3101ecfba091b98d0a1263dc9b8",
        "type": "github"
      },
      "original": {
        "owner": "nixos",
        "ref": "nixos-unstable",
        "repo": "nixpkgs",
        "type": "github"
      }
    },
    "nvim": {
      "inputs": {
        "nixCats": "nixCats",
        "nixpkgs": [
          "nixpkgs"
        ]
      },
      "locked": {
        "path": "./modules/common/terminal/nixCats",
        "type": "path"
      },
      "original": {
        "path": "./modules/common/terminal/nixCats",
        "type": "path"
      },
      "parent": []
    },
    "root": {
      "inputs": {
        "home-manager": "home-manager",
        "neovim-nightly-overlay": "neovim-nightly-overlay",
        "nixpkgs": "nixpkgs_3",
        "nixpkgs-stable": "nixpkgs-stable",
        "nvim": "nvim"
      }
    }
  },
  "root": "root",
  "version": 7
}
